// !$*UTF8*$!
{
	archiveVersion = 1;
	classes = {
	};
	objectVersion = 55;
	objects = {

/* Begin PBXBuildFile section */
		CE2752B128589FEE005E38F3 /* BasicsApp.swift in Sources */ = {isa = PBXBuildFile; fileRef = CE2752B028589FEE005E38F3 /* BasicsApp.swift */; };
		CE2752B328589FEE005E38F3 /* ContentView.swift in Sources */ = {isa = PBXBuildFile; fileRef = CE2752B228589FEE005E38F3 /* ContentView.swift */; };
		CE2752B528589FF1005E38F3 /* Assets.xcassets in Resources */ = {isa = PBXBuildFile; fileRef = CE2752B428589FF1005E38F3 /* Assets.xcassets */; };
		CE2752B828589FF1005E38F3 /* Preview Assets.xcassets in Resources */ = {isa = PBXBuildFile; fileRef = CE2752B728589FF1005E38F3 /* Preview Assets.xcassets */; };
		CE2752C228589FF1005E38F3 /* BasicsTests.swift in Sources */ = {isa = PBXBuildFile; fileRef = CE2752C128589FF1005E38F3 /* BasicsTests.swift */; };
		CE2752CC28589FF1005E38F3 /* BasicsUITests.swift in Sources */ = {isa = PBXBuildFile; fileRef = CE2752CB28589FF1005E38F3 /* BasicsUITests.swift */; };
		CE2752CE28589FF1005E38F3 /* BasicsUITestsLaunchTests.swift in Sources */ = {isa = PBXBuildFile; fileRef = CE2752CD28589FF1005E38F3 /* BasicsUITestsLaunchTests.swift */; };
/* End PBXBuildFile section */

/* Begin PBXContainerItemProxy section */
		CE2752BE28589FF1005E38F3 /* PBXContainerItemProxy */ = {
			isa = PBXContainerItemProxy;
			containerPortal = CE2752A528589FEE005E38F3 /* Project object */;
			proxyType = 1;
			remoteGlobalIDString = CE2752AC28589FEE005E38F3;
			remoteInfo = Basics;
		};
		CE2752C828589FF1005E38F3 /* PBXContainerItemProxy */ = {
			isa = PBXContainerItemProxy;
			containerPortal = CE2752A528589FEE005E38F3 /* Project object */;
			proxyType = 1;
			remoteGlobalIDString = CE2752AC28589FEE005E38F3;
			remoteInfo = Basics;
		};
/* End PBXContainerItemProxy section */

/* Begin PBXFileReference section */
		CE2752AD28589FEE005E38F3 /* Basics.app */ = {isa = PBXFileReference; explicitFileType = wrapper.application; includeInIndex = 0; path = Basics.app; sourceTree = BUILT_PRODUCTS_DIR; };
		CE2752B028589FEE005E38F3 /* BasicsApp.swift */ = {isa = PBXFileReference; lastKnownFileType = sourcecode.swift; path = BasicsApp.swift; sourceTree = "<group>"; };
		CE2752B228589FEE005E38F3 /* ContentView.swift */ = {isa = PBXFileReference; lastKnownFileType = sourcecode.swift; path = ContentView.swift; sourceTree = "<group>"; };
		CE2752B428589FF1005E38F3 /* Assets.xcassets */ = {isa = PBXFileReference; lastKnownFileType = folder.assetcatalog; path = Assets.xcassets; sourceTree = "<group>"; };
		CE2752B728589FF1005E38F3 /* Preview Assets.xcassets */ = {isa = PBXFileReference; lastKnownFileType = folder.assetcatalog; path = "Preview Assets.xcassets"; sourceTree = "<group>"; };
		CE2752BD28589FF1005E38F3 /* BasicsTests.xctest */ = {isa = PBXFileReference; explicitFileType = wrapper.cfbundle; includeInIndex = 0; path = BasicsTests.xctest; sourceTree = BUILT_PRODUCTS_DIR; };
		CE2752C128589FF1005E38F3 /* BasicsTests.swift */ = {isa = PBXFileReference; lastKnownFileType = sourcecode.swift; path = BasicsTests.swift; sourceTree = "<group>"; };
		CE2752C728589FF1005E38F3 /* BasicsUITests.xctest */ = {isa = PBXFileReference; explicitFileType = wrapper.cfbundle; includeInIndex = 0; path = BasicsUITests.xctest; sourceTree = BUILT_PRODUCTS_DIR; };
		CE2752CB28589FF1005E38F3 /* BasicsUITests.swift */ = {isa = PBXFileReference; lastKnownFileType = sourcecode.swift; path = BasicsUITests.swift; sourceTree = "<group>"; };
		CE2752CD28589FF1005E38F3 /* BasicsUITestsLaunchTests.swift */ = {isa = PBXFileReference; lastKnownFileType = sourcecode.swift; path = BasicsUITestsLaunchTests.swift; sourceTree = "<group>"; };
/* End PBXFileReference section */

/* Begin PBXFrameworksBuildPhase section */
		CE2752AA28589FEE005E38F3 /* Frameworks */ = {
			isa = PBXFrameworksBuildPhase;
			buildActionMask = 2147483647;
			files = (
			);
			runOnlyForDeploymentPostprocessing = 0;
		};
		CE2752BA28589FF1005E38F3 /* Frameworks */ = {
			isa = PBXFrameworksBuildPhase;
			buildActionMask = 2147483647;
			files = (
			);
			runOnlyForDeploymentPostprocessing = 0;
		};
		CE2752C428589FF1005E38F3 /* Frameworks */ = {
			isa = PBXFrameworksBuildPhase;
			buildActionMask = 2147483647;
			files = (
			);
			runOnlyForDeploymentPostprocessing = 0;
		};
/* End PBXFrameworksBuildPhase section */

/* Begin PBXGroup section */
		CE2752A428589FEE005E38F3 = {
			isa = PBXGroup;
			children = (
				CE2752AF28589FEE005E38F3 /* Basics */,
				CE2752C028589FF1005E38F3 /* BasicsTests */,
				CE2752CA28589FF1005E38F3 /* BasicsUITests */,
				CE2752AE28589FEE005E38F3 /* Products */,
			);
			sourceTree = "<group>";
		};
		CE2752AE28589FEE005E38F3 /* Products */ = {
			isa = PBXGroup;
			children = (
				CE2752AD28589FEE005E38F3 /* Basics.app */,
				CE2752BD28589FF1005E38F3 /* BasicsTests.xctest */,
				CE2752C728589FF1005E38F3 /* BasicsUITests.xctest */,
			);
			name = Products;
			sourceTree = "<group>";
		};
		CE2752AF28589FEE005E38F3 /* Basics */ = {
			isa = PBXGroup;
			children = (
				CE2752B028589FEE005E38F3 /* BasicsApp.swift */,
				CE2752B228589FEE005E38F3 /* ContentView.swift */,
				CE2752B428589FF1005E38F3 /* Assets.xcassets */,
				CE2752B628589FF1005E38F3 /* Preview Content */,
			);
			path = Basics;
			sourceTree = "<group>";
		};
		CE2752B628589FF1005E38F3 /* Preview Content */ = {
			isa = PBXGroup;
			children = (
				CE2752B728589FF1005E38F3 /* Preview Assets.xcassets */,
			);
			path = "Preview Content";
			sourceTree = "<group>";
		};
		CE2752C028589FF1005E38F3 /* BasicsTests */ = {
			isa = PBXGroup;
			children = (
				CE2752C128589FF1005E38F3 /* BasicsTests.swift */,
			);
			path = BasicsTests;
			sourceTree = "<group>";
		};
		CE2752CA28589FF1005E38F3 /* BasicsUITests */ = {
			isa = PBXGroup;
			children = (
				CE2752CB28589FF1005E38F3 /* BasicsUITests.swift */,
				CE2752CD28589FF1005E38F3 /* BasicsUITestsLaunchTests.swift */,
			);
			path = BasicsUITests;
			sourceTree = "<group>";
		};
/* End PBXGroup section */

/* Begin PBXNativeTarget section */
		CE2752AC28589FEE005E38F3 /* Basics */ = {
			isa = PBXNativeTarget;
			buildConfigurationList = CE2752D128589FF1005E38F3 /* Build configuration list for PBXNativeTarget "Basics" */;
			buildPhases = (
				CE2752A928589FEE005E38F3 /* Sources */,
				CE2752AA28589FEE005E38F3 /* Frameworks */,
				CE2752AB28589FEE005E38F3 /* Resources */,
			);
			buildRules = (
			);
			dependencies = (
			);
			name = Basics;
			productName = Basics;
			productReference = CE2752AD28589FEE005E38F3 /* Basics.app */;
			productType = "com.apple.product-type.application";
		};
		CE2752BC28589FF1005E38F3 /* BasicsTests */ = {
			isa = PBXNativeTarget;
			buildConfigurationList = CE2752D428589FF1005E38F3 /* Build configuration list for PBXNativeTarget "BasicsTests" */;
			buildPhases = (
				CE2752B928589FF1005E38F3 /* Sources */,
				CE2752BA28589FF1005E38F3 /* Frameworks */,
				CE2752BB28589FF1005E38F3 /* Resources */,
			);
			buildRules = (
			);
			dependencies = (
				CE2752BF28589FF1005E38F3 /* PBXTargetDependency */,
			);
			name = BasicsTests;
			productName = BasicsTests;
			productReference = CE2752BD28589FF1005E38F3 /* BasicsTests.xctest */;
			productType = "com.apple.product-type.bundle.unit-test";
		};
		CE2752C628589FF1005E38F3 /* BasicsUITests */ = {
			isa = PBXNativeTarget;
			buildConfigurationList = CE2752D728589FF1005E38F3 /* Build configuration list for PBXNativeTarget "BasicsUITests" */;
			buildPhases = (
				CE2752C328589FF1005E38F3 /* Sources */,
				CE2752C428589FF1005E38F3 /* Frameworks */,
				CE2752C528589FF1005E38F3 /* Resources */,
			);
			buildRules = (
			);
			dependencies = (
				CE2752C928589FF1005E38F3 /* PBXTargetDependency */,
			);
			name = BasicsUITests;
			productName = BasicsUITests;
			productReference = CE2752C728589FF1005E38F3 /* BasicsUITests.xctest */;
			productType = "com.apple.product-type.bundle.ui-testing";
		};
/* End PBXNativeTarget section */

/* Begin PBXProject section */
		CE2752A528589FEE005E38F3 /* Project object */ = {
			isa = PBXProject;
			attributes = {
				BuildIndependentTargetsInParallel = 1;
				LastSwiftUpdateCheck = 1330;
				LastUpgradeCheck = 1330;
				TargetAttributes = {
					CE2752AC28589FEE005E38F3 = {
						CreatedOnToolsVersion = 13.3.1;
					};
					CE2752BC28589FF1005E38F3 = {
						CreatedOnToolsVersion = 13.3.1;
						TestTargetID = CE2752AC28589FEE005E38F3;
					};
					CE2752C628589FF1005E38F3 = {
						CreatedOnToolsVersion = 13.3.1;
						TestTargetID = CE2752AC28589FEE005E38F3;
					};
				};
			};
			buildConfigurationList = CE2752A828589FEE005E38F3 /* Build configuration list for PBXProject "Basics" */;
			compatibilityVersion = "Xcode 13.0";
			developmentRegion = en;
			hasScannedForEncodings = 0;
			knownRegions = (
				en,
				Base,
			);
			mainGroup = CE2752A428589FEE005E38F3;
			productRefGroup = CE2752AE28589FEE005E38F3 /* Products */;
			projectDirPath = "";
			projectRoot = "";
			targets = (
				CE2752AC28589FEE005E38F3 /* Basics */,
				CE2752BC28589FF1005E38F3 /* BasicsTests */,
				CE2752C628589FF1005E38F3 /* BasicsUITests */,
			);
		};
/* End PBXProject section */

/* Begin PBXResourcesBuildPhase section */
		CE2752AB28589FEE005E38F3 /* Resources */ = {
			isa = PBXResourcesBuildPhase;
			buildActionMask = 2147483647;
			files = (
				CE2752B828589FF1005E38F3 /* Preview Assets.xcassets in Resources */,
				CE2752B528589FF1005E38F3 /* Assets.xcassets in Resources */,
			);
			runOnlyForDeploymentPostprocessing = 0;
		};
		CE2752BB28589FF1005E38F3 /* Resources */ = {
			isa = PBXResourcesBuildPhase;
			buildActionMask = 2147483647;
			files = (
			);
			runOnlyForDeploymentPostprocessing = 0;
		};
		CE2752C528589FF1005E38F3 /* Resources */ = {
			isa = PBXResourcesBuildPhase;
			buildActionMask = 2147483647;
			files = (
			);
			runOnlyForDeploymentPostprocessing = 0;
		};
/* End PBXResourcesBuildPhase section */

/* Begin PBXSourcesBuildPhase section */
		CE2752A928589FEE005E38F3 /* Sources */ = {
			isa = PBXSourcesBuildPhase;
			buildActionMask = 2147483647;
			files = (
				CE2752B328589FEE005E38F3 /* ContentView.swift in Sources */,
				CE2752B128589FEE005E38F3 /* BasicsApp.swift in Sources */,
			);
			runOnlyForDeploymentPostprocessing = 0;
		};
		CE2752B928589FF1005E38F3 /* Sources */ = {
			isa = PBXSourcesBuildPhase;
			buildActionMask = 2147483647;
			files = (
				CE2752C228589FF1005E38F3 /* BasicsTests.swift in Sources */,
			);
			runOnlyForDeploymentPostprocessing = 0;
		};
		CE2752C328589FF1005E38F3 /* Sources */ = {
			isa = PBXSourcesBuildPhase;
			buildActionMask = 2147483647;
			files = (
				CE2752CC28589FF1005E38F3 /* BasicsUITests.swift in Sources */,
				CE2752CE28589FF1005E38F3 /* BasicsUITestsLaunchTests.swift in Sources */,
			);
			runOnlyForDeploymentPostprocessing = 0;
		};
/* End PBXSourcesBuildPhase section */

/* Begin PBXTargetDependency section */
		CE2752BF28589FF1005E38F3 /* PBXTargetDependency */ = {
			isa = PBXTargetDependency;
			target = CE2752AC28589FEE005E38F3 /* Basics */;
			targetProxy = CE2752BE28589FF1005E38F3 /* PBXContainerItemProxy */;
		};
		CE2752C928589FF1005E38F3 /* PBXTargetDependency */ = {
			isa = PBXTargetDependency;
			target = CE2752AC28589FEE005E38F3 /* Basics */;
			targetProxy = CE2752C828589FF1005E38F3 /* PBXContainerItemProxy */;
		};
/* End PBXTargetDependency section */

/* Begin XCBuildConfiguration section */
		CE2752CF28589FF1005E38F3 /* Debug */ = {
			isa = XCBuildConfiguration;
			buildSettings = {
				ALWAYS_SEARCH_USER_PATHS = NO;
				CLANG_ANALYZER_NONNULL = YES;
				CLANG_ANALYZER_NUMBER_OBJECT_CONVERSION = YES_AGGRESSIVE;
				CLANG_CXX_LANGUAGE_STANDARD = "gnu++17";
				CLANG_ENABLE_MODULES = YES;
				CLANG_ENABLE_OBJC_ARC = YES;
				CLANG_ENABLE_OBJC_WEAK = YES;
				CLANG_WARN_BLOCK_CAPTURE_AUTORELEASING = YES;
				CLANG_WARN_BOOL_CONVERSION = YES;
				CLANG_WARN_COMMA = YES;
				CLANG_WARN_CONSTANT_CONVERSION = YES;
				CLANG_WARN_DEPRECATED_OBJC_IMPLEMENTATIONS = YES;
				CLANG_WARN_DIRECT_OBJC_ISA_USAGE = YES_ERROR;
				CLANG_WARN_DOCUMENTATION_COMMENTS = YES;
				CLANG_WARN_EMPTY_BODY = YES;
				CLANG_WARN_ENUM_CONVERSION = YES;
				CLANG_WARN_INFINITE_RECURSION = YES;
				CLANG_WARN_INT_CONVERSION = YES;
				CLANG_WARN_NON_LITERAL_NULL_CONVERSION = YES;
				CLANG_WARN_OBJC_IMPLICIT_RETAIN_SELF = YES;
				CLANG_WARN_OBJC_LITERAL_CONVERSION = YES;
				CLANG_WARN_OBJC_ROOT_CLASS = YES_ERROR;
				CLANG_WARN_QUOTED_INCLUDE_IN_FRAMEWORK_HEADER = YES;
				CLANG_WARN_RANGE_LOOP_ANALYSIS = YES;
				CLANG_WARN_STRICT_PROTOTYPES = YES;
				CLANG_WARN_SUSPICIOUS_MOVE = YES;
				CLANG_WARN_UNGUARDED_AVAILABILITY = YES_AGGRESSIVE;
				CLANG_WARN_UNREACHABLE_CODE = YES;
				CLANG_WARN__DUPLICATE_METHOD_MATCH = YES;
				COPY_PHASE_STRIP = NO;
				DEBUG_INFORMATION_FORMAT = dwarf;
				ENABLE_STRICT_OBJC_MSGSEND = YES;
				ENABLE_TESTABILITY = YES;
				GCC_C_LANGUAGE_STANDARD = gnu11;
				GCC_DYNAMIC_NO_PIC = NO;
				GCC_NO_COMMON_BLOCKS = YES;
				GCC_OPTIMIZATION_LEVEL = 0;
				GCC_PREPROCESSOR_DEFINITIONS = (
					"DEBUG=1",
					"$(inherited)",
				);
				GCC_WARN_64_TO_32_BIT_CONVERSION = YES;
				GCC_WARN_ABOUT_RETURN_TYPE = YES_ERROR;
				GCC_WARN_UNDECLARED_SELECTOR = YES;
				GCC_WARN_UNINITIALIZED_AUTOS = YES_AGGRESSIVE;
				GCC_WARN_UNUSED_FUNCTION = YES;
				GCC_WARN_UNUSED_VARIABLE = YES;
				IPHONEOS_DEPLOYMENT_TARGET = 15.4;
				MTL_ENABLE_DEBUG_INFO = INCLUDE_SOURCE;
				MTL_FAST_MATH = YES;
				ONLY_ACTIVE_ARCH = YES;
				SDKROOT = iphoneos;
				SWIFT_ACTIVE_COMPILATION_CONDITIONS = DEBUG;
				SWIFT_OPTIMIZATION_LEVEL = "-Onone";
			};
			name = Debug;
		};
		CE2752D028589FF1005E38F3 /* Release */ = {
			isa = XCBuildConfiguration;
			buildSettings = {
				ALWAYS_SEARCH_USER_PATHS = NO;
				CLANG_ANALYZER_NONNULL = YES;
				CLANG_ANALYZER_NUMBER_OBJECT_CONVERSION = YES_AGGRESSIVE;
				CLANG_CXX_LANGUAGE_STANDARD = "gnu++17";
				CLANG_ENABLE_MODULES = YES;
				CLANG_ENABLE_OBJC_ARC = YES;
				CLANG_ENABLE_OBJC_WEAK = YES;
				CLANG_WARN_BLOCK_CAPTURE_AUTORELEASING = YES;
				CLANG_WARN_BOOL_CONVERSION = YES;
				CLANG_WARN_COMMA = YES;
				CLANG_WARN_CONSTANT_CONVERSION = YES;
				CLANG_WARN_DEPRECATED_OBJC_IMPLEMENTATIONS = YES;
				CLANG_WARN_DIRECT_OBJC_ISA_USAGE = YES_ERROR;
				CLANG_WARN_DOCUMENTATION_COMMENTS = YES;
				CLANG_WARN_EMPTY_BODY = YES;
				CLANG_WARN_ENUM_CONVERSION = YES;
				CLANG_WARN_INFINITE_RECURSION = YES;
				CLANG_WARN_INT_CONVERSION = YES;
				CLANG_WARN_NON_LITERAL_NULL_CONVERSION = YES;
				CLANG_WARN_OBJC_IMPLICIT_RETAIN_SELF = YES;
				CLANG_WARN_OBJC_LITERAL_CONVERSION = YES;
				CLANG_WARN_OBJC_ROOT_CLASS = YES_ERROR;
				CLANG_WARN_QUOTED_INCLUDE_IN_FRAMEWORK_HEADER = YES;
				CLANG_WARN_RANGE_LOOP_ANALYSIS = YES;
				CLANG_WARN_STRICT_PROTOTYPES = YES;
				CLANG_WARN_SUSPICIOUS_MOVE = YES;
				CLANG_WARN_UNGUARDED_AVAILABILITY = YES_AGGRESSIVE;
				CLANG_WARN_UNREACHABLE_CODE = YES;
				CLANG_WARN__DUPLICATE_METHOD_MATCH = YES;
				COPY_PHASE_STRIP = NO;
				DEBUG_INFORMATION_FORMAT = "dwarf-with-dsym";
				ENABLE_NS_ASSERTIONS = NO;
				ENABLE_STRICT_OBJC_MSGSEND = YES;
				GCC_C_LANGUAGE_STANDARD = gnu11;
				GCC_NO_COMMON_BLOCKS = YES;
				GCC_WARN_64_TO_32_BIT_CONVERSION = YES;
				GCC_WARN_ABOUT_RETURN_TYPE = YES_ERROR;
				GCC_WARN_UNDECLARED_SELECTOR = YES;
				GCC_WARN_UNINITIALIZED_AUTOS = YES_AGGRESSIVE;
				GCC_WARN_UNUSED_FUNCTION = YES;
				GCC_WARN_UNUSED_VARIABLE = YES;
				IPHONEOS_DEPLOYMENT_TARGET = 15.4;
				MTL_ENABLE_DEBUG_INFO = NO;
				MTL_FAST_MATH = YES;
				SDKROOT = iphoneos;
				SWIFT_COMPILATION_MODE = wholemodule;
				SWIFT_OPTIMIZATION_LEVEL = "-O";
				VALIDATE_PRODUCT = YES;
			};
			name = Release;
		};
		CE2752D228589FF1005E38F3 /* Debug */ = {
			isa = XCBuildConfiguration;
			buildSettings = {
				ASSETCATALOG_COMPILER_APPICON_NAME = AppIcon;
				ASSETCATALOG_COMPILER_GLOBAL_ACCENT_COLOR_NAME = AccentColor;
				CODE_SIGN_STYLE = Automatic;
				CURRENT_PROJECT_VERSION = 1;
				DEVELOPMENT_ASSET_PATHS = "\"Basics/Preview Content\"";
				ENABLE_PREVIEWS = YES;
				GENERATE_INFOPLIST_FILE = YES;
				INFOPLIST_KEY_UIApplicationSceneManifest_Generation = YES;
				INFOPLIST_KEY_UIApplicationSupportsIndirectInputEvents = YES;
				INFOPLIST_KEY_UILaunchScreen_Generation = YES;
				INFOPLIST_KEY_UISupportedInterfaceOrientations_iPad = "UIInterfaceOrientationPortrait UIInterfaceOrientationPortraitUpsideDown UIInterfaceOrientationLandscapeLeft UIInterfaceOrientationLandscapeRight";
				INFOPLIST_KEY_UISupportedInterfaceOrientations_iPhone = "UIInterfaceOrientationPortrait UIInterfaceOrientationLandscapeLeft UIInterfaceOrientationLandscapeRight";
				LD_RUNPATH_SEARCH_PATHS = (
					"$(inherited)",
					"@executable_path/Frameworks",
				);
				MARKETING_VERSION = 1.0;
				PRODUCT_BUNDLE_IDENTIFIER = com.softprodigy.Basics;
				PRODUCT_NAME = "$(TARGET_NAME)";
				SWIFT_EMIT_LOC_STRINGS = YES;
				SWIFT_VERSION = 5.0;
				TARGETED_DEVICE_FAMILY = "1,2";
			};
			name = Debug;
		};
		CE2752D328589FF1005E38F3 /* Release */ = {
			isa = XCBuildConfiguration;
			buildSettings = {
				ASSETCATALOG_COMPILER_APPICON_NAME = AppIcon;
				ASSETCATALOG_COMPILER_GLOBAL_ACCENT_COLOR_NAME = AccentColor;
				CODE_SIGN_STYLE = Automatic;
				CURRENT_PROJECT_VERSION = 1;
				DEVELOPMENT_ASSET_PATHS = "\"Basics/Preview Content\"";
				ENABLE_PREVIEWS = YES;
				GENERATE_INFOPLIST_FILE = YES;
				INFOPLIST_KEY_UIApplicationSceneManifest_Generation = YES;
				INFOPLIST_KEY_UIApplicationSupportsIndirectInputEvents = YES;
				INFOPLIST_KEY_UILaunchScreen_Generation = YES;
				INFOPLIST_KEY_UISupportedInterfaceOrientations_iPad = "UIInterfaceOrientationPortrait UIInterfaceOrientationPortraitUpsideDown UIInterfaceOrientationLandscapeLeft UIInterfaceOrientationLandscapeRight";
				INFOPLIST_KEY_UISupportedInterfaceOrientations_iPhone = "UIInterfaceOrientationPortrait UIInterfaceOrientationLandscapeLeft UIInterfaceOrientationLandscapeRight";
				LD_RUNPATH_SEARCH_PATHS = (
					"$(inherited)",
					"@executable_path/Frameworks",
				);
				MARKETING_VERSION = 1.0;
				PRODUCT_BUNDLE_IDENTIFIER = com.softprodigy.Basics;
				PRODUCT_NAME = "$(TARGET_NAME)";
				SWIFT_EMIT_LOC_STRINGS = YES;
				SWIFT_VERSION = 5.0;
				TARGETED_DEVICE_FAMILY = "1,2";
			};
			name = Release;
		};
		CE2752D528589FF1005E38F3 /* Debug */ = {
			isa = XCBuildConfiguration;
			buildSettings = {
				ALWAYS_EMBED_SWIFT_STANDARD_LIBRARIES = YES;
				BUNDLE_LOADER = "$(TEST_HOST)";
				CODE_SIGN_STYLE = Automatic;
				CURRENT_PROJECT_VERSION = 1;
				GENERATE_INFOPLIST_FILE = YES;
				IPHONEOS_DEPLOYMENT_TARGET = 15.4;
				MARKETING_VERSION = 1.0;
				PRODUCT_BUNDLE_IDENTIFIER = com.softprodigy.BasicsTests;
				PRODUCT_NAME = "$(TARGET_NAME)";
				SWIFT_EMIT_LOC_STRINGS = NO;
				SWIFT_VERSION = 5.0;
				TARGETED_DEVICE_FAMILY = "1,2";
				TEST_HOST = "$(BUILT_PRODUCTS_DIR)/Basics.app/Basics";
			};
			name = Debug;
		};
		CE2752D628589FF1005E38F3 /* Release */ = {
			isa = XCBuildConfiguration;
			buildSettings = {
				ALWAYS_EMBED_SWIFT_STANDARD_LIBRARIES = YES;
				BUNDLE_LOADER = "$(TEST_HOST)";
				CODE_SIGN_STYLE = Automatic;
				CURRENT_PROJECT_VERSION = 1;
				GENERATE_INFOPLIST_FILE = YES;
				IPHONEOS_DEPLOYMENT_TARGET = 15.4;
				MARKETING_VERSION = 1.0;
				PRODUCT_BUNDLE_IDENTIFIER = com.softprodigy.BasicsTests;
				PRODUCT_NAME = "$(TARGET_NAME)";
				SWIFT_EMIT_LOC_STRINGS = NO;
				SWIFT_VERSION = 5.0;
				TARGETED_DEVICE_FAMILY = "1,2";
				TEST_HOST = "$(BUILT_PRODUCTS_DIR)/Basics.app/Basics";
			};
			name = Release;
		};
		CE2752D828589FF1005E38F3 /* Debug */ = {
			isa = XCBuildConfiguration;
			buildSettings = {
				ALWAYS_EMBED_SWIFT_STANDARD_LIBRARIES = YES;
				CODE_SIGN_STYLE = Automatic;
				CURRENT_PROJECT_VERSION = 1;
				GENERATE_INFOPLIST_FILE = YES;
				MARKETING_VERSION = 1.0;
				PRODUCT_BUNDLE_IDENTIFIER = com.softprodigy.BasicsUITests;
				PRODUCT_NAME = "$(TARGET_NAME)";
				SWIFT_EMIT_LOC_STRINGS = NO;
				SWIFT_VERSION = 5.0;
				TARGETED_DEVICE_FAMILY = "1,2";
				TEST_TARGET_NAME = Basics;
			};
			name = Debug;
		};
		CE2752D928589FF1005E38F3 /* Release */ = {
			isa = XCBuildConfiguration;
			buildSettings = {
				ALWAYS_EMBED_SWIFT_STANDARD_LIBRARIES = YES;
				CODE_SIGN_STYLE = Automatic;
				CURRENT_PROJECT_VERSION = 1;
				GENERATE_INFOPLIST_FILE = YES;
				MARKETING_VERSION = 1.0;
				PRODUCT_BUNDLE_IDENTIFIER = com.softprodigy.BasicsUITests;
				PRODUCT_NAME = "$(TARGET_NAME)";
				SWIFT_EMIT_LOC_STRINGS = NO;
				SWIFT_VERSION = 5.0;
				TARGETED_DEVICE_FAMILY = "1,2";
				TEST_TARGET_NAME = Basics;
			};
			name = Release;
		};
/* End XCBuildConfiguration section */

/* Begin XCConfigurationList section */
		CE2752A828589FEE005E38F3 /* Build configuration list for PBXProject "Basics" */ = {
			isa = XCConfigurationList;
			buildConfigurations = (
				CE2752CF28589FF1005E38F3 /* Debug */,
				CE2752D028589FF1005E38F3 /* Release */,
			);
			defaultConfigurationIsVisible = 0;
			defaultConfigurationName = Release;
		};
		CE2752D128589FF1005E38F3 /* Build configuration list for PBXNativeTarget "Basics" */ = {
			isa = XCConfigurationList;
			buildConfigurations = (
				CE2752D228589FF1005E38F3 /* Debug */,
				CE2752D328589FF1005E38F3 /* Release */,
			);
			defaultConfigurationIsVisible = 0;
			defaultConfigurationName = Release;
		};
		CE2752D428589FF1005E38F3 /* Build configuration list for PBXNativeTarget "BasicsTests" */ = {
			isa = XCConfigurationList;
			buildConfigurations = (
				CE2752D528589FF1005E38F3 /* Debug */,
				CE2752D628589FF1005E38F3 /* Release */,
			);
			defaultConfigurationIsVisible = 0;
			defaultConfigurationName = Release;
		};
		CE2752D728589FF1005E38F3 /* Build configuration list for PBXNativeTarget "BasicsUITests" */ = {
			isa = XCConfigurationList;
			buildConfigurations = (
				CE2752D828589FF1005E38F3 /* Debug */,
				CE2752D928589FF1005E38F3 /* Release */,
			);
			defaultConfigurationIsVisible = 0;
			defaultConfigurationName = Release;
		};
/* End XCConfigurationList section */
	};
	rootObject = CE2752A528589FEE005E38F3 /* Project object */;
}
